
Microsoft Visual Studio Solution File, Format Version 12.00
# Visual Studio 15
VisualStudioVersion = 15.0.34112.143
MinimumVisualStudioVersion = 10.0.40219.1
Project("{FAE04EC0-301F-11D3-BF4B-00C04F79EFBC}") = "WebApplication", "WebApplication\WebApplication.csproj", "{CC922AD8-A048-421E-959C-F0F75D3E1083}"
EndProject
Global
	GlobalSection(SolutionConfigurationPlatforms) = preSolution
		Debug|Any CPU = Debug|Any CPU
		Release|Any CPU = Release|Any CPU
	EndGlobalSection
	GlobalSection(ProjectConfigurationPlatforms) = postSolution
		{CC922AD8-A048-421E-959C-F0F75D3E1083}.Debug|Any CPU.ActiveCfg = Debug|Any CPU
		{CC922AD8-A048-421E-959C-F0F75D3E1083}.Debug|Any CPU.Build.0 = Debug|Any CPU
		{CC922AD8-A048-421E-959C-F0F75D3E1083}.Release|Any CPU.ActiveCfg = Release|Any CPU
		{CC922AD8-A048-421E-959C-F0F75D3E1083}.Release|Any CPU.Build.0 = Release|Any CPU
	EndGlobalSection
	GlobalSection(SolutionProperties) = preSolution
		HideSolutionNode = FALSE
	EndGlobalSection
	GlobalSection(ExtensibilityGlobals) = postSolution
		SolutionGuid = {0AAA6EEB-1F5D-4563-A632-7D30F05BE7CD}
	EndGlobalSection
EndGlobal
